
Microsoft Visual Studio Solution File, Format Version 12.00
# Visual Studio 2017
Project("{FAE04EC0-301F-11D3-BF4B-00C04F79EFBC}") = "RPGtest", "RPGtest.csproj", "{01105011-2E84-CD0E-757C-29BE83D0DC92}"
EndProject
Project("{FAE04EC0-301F-11D3-BF4B-00C04F79EFBC}") = "RPGtest.Editor", "RPGtest.Editor.csproj", "{1AEFEEC9-4171-30FD-F3D1-53FA9B7F1B95}"
EndProject
Global
	GlobalSection(SolutionConfigurationPlatforms) = preSolution
		Debug|Any CPU = Debug|Any CPU
		Release|Any CPU = Release|Any CPU
	EndGlobalSection
	GlobalSection(ProjectConfigurationPlatforms) = postSolution
		{01105011-2E84-CD0E-757C-29BE83D0DC92}.Debug|Any CPU.ActiveCfg = Debug|Any CPU
		{01105011-2E84-CD0E-757C-29BE83D0DC92}.Debug|Any CPU.Build.0 = Debug|Any CPU
		{01105011-2E84-CD0E-757C-29BE83D0DC92}.Release|Any CPU.ActiveCfg = Release|Any CPU
		{01105011-2E84-CD0E-757C-29BE83D0DC92}.Release|Any CPU.Build.0 = Release|Any CPU
		{1AEFEEC9-4171-30FD-F3D1-53FA9B7F1B95}.Debug|Any CPU.ActiveCfg = Debug|Any CPU
		{1AEFEEC9-4171-30FD-F3D1-53FA9B7F1B95}.Debug|Any CPU.Build.0 = Debug|Any CPU
		{1AEFEEC9-4171-30FD-F3D1-53FA9B7F1B95}.Release|Any CPU.ActiveCfg = Release|Any CPU
		{1AEFEEC9-4171-30FD-F3D1-53FA9B7F1B95}.Release|Any CPU.Build.0 = Release|Any CPU
	EndGlobalSection
	GlobalSection(SolutionProperties) = preSolution
		HideSolutionNode = FALSE
	EndGlobalSection
EndGlobal
